# This file is @generated by PDM.
# It is not intended for manual editing.

[metadata]
groups = ["default"]
strategy = ["inherit_metadata"]
lock_version = "4.5.0"
content_hash = "sha256:956d1eeb3c4995aeb16c22a073e03eb3357ce00d7f6e9177ee3d6f9cfab0303c"

[[metadata.targets]]
requires_python = "~=3.12"
